
Microsoft Visual Studio Solution File, Format Version 12.00
# Visual Studio Version 17
VisualStudioVersion = 17.11.35327.3
MinimumVisualStudioVersion = 10.0.40219.1
Project("{2150E333-8FDC-42A3-9474-1A3956D46DE8}") = "Services", "Services", "{88ACC996-19C9-4647-BAAE-70FE2068C89D}"
EndProject
Project("{2150E333-8FDC-42A3-9474-1A3956D46DE8}") = "Farlo.GeoDataService", "Farlo.GeoDataService", "{633B1C2E-7A95-40B8-BF0E-645969D695A3}"
EndProject
Project("{2150E333-8FDC-42A3-9474-1A3956D46DE8}") = "Farlo.HistoryService", "Farlo.HistoryService", "{868F1C5D-4336-446C-AF5E-43D635025BAC}"
EndProject
Project("{2150E333-8FDC-42A3-9474-1A3956D46DE8}") = "Farlo.CultureService", "Farlo.CultureService", "{86513D25-DFA8-4C29-9737-66E8C54F25EF}"
EndProject
Project("{2150E333-8FDC-42A3-9474-1A3956D46DE8}") = "Farlo.AIService", "Farlo.AIService", "{D1B68A84-FEDB-4383-A1B6-4D31DA06D4F8}"
EndProject
Project("{2150E333-8FDC-42A3-9474-1A3956D46DE8}") = "Farlo.Gateway", "Farlo.Gateway", "{644A4CCC-A113-42E7-A830-F8B826F15DA2}"
EndProject
Project("{2150E333-8FDC-42A3-9474-1A3956D46DE8}") = "Farlo.EventBus", "Farlo.EventBus", "{4CC8858D-0209-4688-B135-99877EB06791}"
EndProject
Project("{2150E333-8FDC-42A3-9474-1A3956D46DE8}") = "BuildingBlocks", "BuildingBlocks", "{52118A9E-A966-4469-A750-7F2E9D58266C}"
EndProject
Project("{9A19103F-16F7-4668-BE54-9A1E7A4F7556}") = "Farlo.GeoData.API", "Services\Farlo.GeoDataService\Farlo.GeoData.API\Farlo.GeoData.API.csproj", "{8F978A69-CCDE-4A6E-80B3-5BFB3ED750BA}"
EndProject
Project("{9A19103F-16F7-4668-BE54-9A1E7A4F7556}") = "Farlo.GeoData.Application", "Services\Farlo.GeoDataService\Farlo.GeoData.Application\Farlo.GeoData.Application.csproj", "{A8739157-4A7C-4F85-934A-778B36468BCA}"
EndProject
Project("{9A19103F-16F7-4668-BE54-9A1E7A4F7556}") = "Farlo.GeoData.Domain", "Services\Farlo.GeoDataService\Farlo.GeoData.Domain\Farlo.GeoData.Domain.csproj", "{5803BA7A-7DCA-43E8-BB1C-C263A4C53C80}"
EndProject
Project("{9A19103F-16F7-4668-BE54-9A1E7A4F7556}") = "Farlo.GeoData.Infrastructure", "Services\Farlo.GeoDataService\Farlo.GeoData.Infrastructure\Farlo.GeoData.Infrastructure.csproj", "{D63135B0-E1E2-4202-A244-A2B7A4E3A4B9}"
EndProject
Project("{9A19103F-16F7-4668-BE54-9A1E7A4F7556}") = "Farlo.Shared", "BuildingBlocks\Farlo.Shared\Farlo.Shared.csproj", "{89DE9DD4-D28A-4C2A-B5E6-C99863C39EDC}"
EndProject
Project("{9A19103F-16F7-4668-BE54-9A1E7A4F7556}") = "Farlo.EventContracts", "BuildingBlocks\Farlo.EventContracts\Farlo.EventContracts.csproj", "{1B67FF98-9373-4AD4-9C01-B92A8D1759FE}"
EndProject
Project("{2150E333-8FDC-42A3-9474-1A3956D46DE8}") = "Solution Items", "Solution Items", "{B3204F54-EB3B-4B29-BA92-38619C2FF10F}"
	ProjectSection(SolutionItems) = preProject
		.env = .env
		docker-compose.yml = docker-compose.yml
	EndProjectSection
EndProject
Project("{9A19103F-16F7-4668-BE54-9A1E7A4F7556}") = "Farlo.AI.API", "Services\Farlo.AIService\Farlo.AI.API\Farlo.AI.API.csproj", "{0A9BE450-D667-4C92-AE32-D8CC61BB9E77}"
EndProject
Project("{9A19103F-16F7-4668-BE54-9A1E7A4F7556}") = "Farlo.AI.Application", "Services\Farlo.AIService\Farlo.AI.Application\Farlo.AI.Application.csproj", "{C830351F-B8CF-4AEC-8E46-BB145BF3B085}"
EndProject
Project("{9A19103F-16F7-4668-BE54-9A1E7A4F7556}") = "Farlo.AI.Infrastructure", "Services\Farlo.AIService\Farlo.AI.Infrastructure\Farlo.AI.Infrastructure.csproj", "{4E0A2C2D-5DB9-46C8-A18C-F701BEEC2188}"
EndProject
Project("{2150E333-8FDC-42A3-9474-1A3956D46DE8}") = "Farlo.InsightService", "Farlo.InsightService", "{6A02AE1D-870C-4C63-B918-43A246744612}"
EndProject
Project("{FAE04EC0-301F-11D3-BF4B-00C04F79EFBC}") = "Farlo.Insight.API", "Services\Farlo.InsightService\Farlo.Insight.API\Farlo.Insight.API.csproj", "{99A8DE91-A632-44F2-B8FF-70236983B058}"
EndProject
Project("{FAE04EC0-301F-11D3-BF4B-00C04F79EFBC}") = "Farlo.Insight.Application", "Services\Farlo.InsightService\Farlo.Insight.Application\Farlo.Insight.Application.csproj", "{AFAC6577-A6F6-4973-98FD-5C4EC72150D9}"
EndProject
Project("{FAE04EC0-301F-11D3-BF4B-00C04F79EFBC}") = "Farlo.Insight.Infrastructure", "Services\Farlo.InsightService\Farlo.Insight.Infrastructure\Farlo.Insight.Infrastructure.csproj", "{B2BB85EE-00FC-44FE-9ED2-23D2DF50312A}"
EndProject
Project("{FAE04EC0-301F-11D3-BF4B-00C04F79EFBC}") = "Farlo.Insight.Domain", "Services\Farlo.InsightService\Farlo.Insight.Domain\Farlo.Insight.Domain.csproj", "{8CA5D6A8-0FF0-4450-B0A2-E69FC576CA42}"
EndProject
Global
	GlobalSection(SolutionConfigurationPlatforms) = preSolution
		Debug|Any CPU = Debug|Any CPU
		Release|Any CPU = Release|Any CPU
	EndGlobalSection
	GlobalSection(ProjectConfigurationPlatforms) = postSolution
		{8F978A69-CCDE-4A6E-80B3-5BFB3ED750BA}.Debug|Any CPU.ActiveCfg = Debug|Any CPU
		{8F978A69-CCDE-4A6E-80B3-5BFB3ED750BA}.Debug|Any CPU.Build.0 = Debug|Any CPU
		{8F978A69-CCDE-4A6E-80B3-5BFB3ED750BA}.Release|Any CPU.ActiveCfg = Release|Any CPU
		{8F978A69-CCDE-4A6E-80B3-5BFB3ED750BA}.Release|Any CPU.Build.0 = Release|Any CPU
		{A8739157-4A7C-4F85-934A-778B36468BCA}.Debug|Any CPU.ActiveCfg = Debug|Any CPU
		{A8739157-4A7C-4F85-934A-778B36468BCA}.Debug|Any CPU.Build.0 = Debug|Any CPU
		{A8739157-4A7C-4F85-934A-778B36468BCA}.Release|Any CPU.ActiveCfg = Release|Any CPU
		{A8739157-4A7C-4F85-934A-778B36468BCA}.Release|Any CPU.Build.0 = Release|Any CPU
		{5803BA7A-7DCA-43E8-BB1C-C263A4C53C80}.Debug|Any CPU.ActiveCfg = Debug|Any CPU
		{5803BA7A-7DCA-43E8-BB1C-C263A4C53C80}.Debug|Any CPU.Build.0 = Debug|Any CPU
		{5803BA7A-7DCA-43E8-BB1C-C263A4C53C80}.Release|Any CPU.ActiveCfg = Release|Any CPU
		{5803BA7A-7DCA-43E8-BB1C-C263A4C53C80}.Release|Any CPU.Build.0 = Release|Any CPU
		{D63135B0-E1E2-4202-A244-A2B7A4E3A4B9}.Debug|Any CPU.ActiveCfg = Debug|Any CPU
		{D63135B0-E1E2-4202-A244-A2B7A4E3A4B9}.Debug|Any CPU.Build.0 = Debug|Any CPU
		{D63135B0-E1E2-4202-A244-A2B7A4E3A4B9}.Release|Any CPU.ActiveCfg = Release|Any CPU
		{D63135B0-E1E2-4202-A244-A2B7A4E3A4B9}.Release|Any CPU.Build.0 = Release|Any CPU
		{89DE9DD4-D28A-4C2A-B5E6-C99863C39EDC}.Debug|Any CPU.ActiveCfg = Debug|Any CPU
		{89DE9DD4-D28A-4C2A-B5E6-C99863C39EDC}.Debug|Any CPU.Build.0 = Debug|Any CPU
		{89DE9DD4-D28A-4C2A-B5E6-C99863C39EDC}.Release|Any CPU.ActiveCfg = Release|Any CPU
		{89DE9DD4-D28A-4C2A-B5E6-C99863C39EDC}.Release|Any CPU.Build.0 = Release|Any CPU
		{1B67FF98-9373-4AD4-9C01-B92A8D1759FE}.Debug|Any CPU.ActiveCfg = Debug|Any CPU
		{1B67FF98-9373-4AD4-9C01-B92A8D1759FE}.Debug|Any CPU.Build.0 = Debug|Any CPU
		{1B67FF98-9373-4AD4-9C01-B92A8D1759FE}.Release|Any CPU.ActiveCfg = Release|Any CPU
		{1B67FF98-9373-4AD4-9C01-B92A8D1759FE}.Release|Any CPU.Build.0 = Release|Any CPU
		{0A9BE450-D667-4C92-AE32-D8CC61BB9E77}.Debug|Any CPU.ActiveCfg = Debug|Any CPU
		{0A9BE450-D667-4C92-AE32-D8CC61BB9E77}.Debug|Any CPU.Build.0 = Debug|Any CPU
		{0A9BE450-D667-4C92-AE32-D8CC61BB9E77}.Release|Any CPU.ActiveCfg = Release|Any CPU
		{0A9BE450-D667-4C92-AE32-D8CC61BB9E77}.Release|Any CPU.Build.0 = Release|Any CPU
		{C830351F-B8CF-4AEC-8E46-BB145BF3B085}.Debug|Any CPU.ActiveCfg = Debug|Any CPU
		{C830351F-B8CF-4AEC-8E46-BB145BF3B085}.Debug|Any CPU.Build.0 = Debug|Any CPU
		{C830351F-B8CF-4AEC-8E46-BB145BF3B085}.Release|Any CPU.ActiveCfg = Release|Any CPU
		{C830351F-B8CF-4AEC-8E46-BB145BF3B085}.Release|Any CPU.Build.0 = Release|Any CPU
		{4E0A2C2D-5DB9-46C8-A18C-F701BEEC2188}.Debug|Any CPU.ActiveCfg = Debug|Any CPU
		{4E0A2C2D-5DB9-46C8-A18C-F701BEEC2188}.Debug|Any CPU.Build.0 = Debug|Any CPU
		{4E0A2C2D-5DB9-46C8-A18C-F701BEEC2188}.Release|Any CPU.ActiveCfg = Release|Any CPU
		{4E0A2C2D-5DB9-46C8-A18C-F701BEEC2188}.Release|Any CPU.Build.0 = Release|Any CPU
		{99A8DE91-A632-44F2-B8FF-70236983B058}.Debug|Any CPU.ActiveCfg = Debug|Any CPU
		{99A8DE91-A632-44F2-B8FF-70236983B058}.Debug|Any CPU.Build.0 = Debug|Any CPU
		{99A8DE91-A632-44F2-B8FF-70236983B058}.Release|Any CPU.ActiveCfg = Release|Any CPU
		{99A8DE91-A632-44F2-B8FF-70236983B058}.Release|Any CPU.Build.0 = Release|Any CPU
		{AFAC6577-A6F6-4973-98FD-5C4EC72150D9}.Debug|Any CPU.ActiveCfg = Debug|Any CPU
		{AFAC6577-A6F6-4973-98FD-5C4EC72150D9}.Debug|Any CPU.Build.0 = Debug|Any CPU
		{AFAC6577-A6F6-4973-98FD-5C4EC72150D9}.Release|Any CPU.ActiveCfg = Release|Any CPU
		{AFAC6577-A6F6-4973-98FD-5C4EC72150D9}.Release|Any CPU.Build.0 = Release|Any CPU
		{B2BB85EE-00FC-44FE-9ED2-23D2DF50312A}.Debug|Any CPU.ActiveCfg = Debug|Any CPU
		{B2BB85EE-00FC-44FE-9ED2-23D2DF50312A}.Debug|Any CPU.Build.0 = Debug|Any CPU
		{B2BB85EE-00FC-44FE-9ED2-23D2DF50312A}.Release|Any CPU.ActiveCfg = Release|Any CPU
		{B2BB85EE-00FC-44FE-9ED2-23D2DF50312A}.Release|Any CPU.Build.0 = Release|Any CPU
		{8CA5D6A8-0FF0-4450-B0A2-E69FC576CA42}.Debug|Any CPU.ActiveCfg = Debug|Any CPU
		{8CA5D6A8-0FF0-4450-B0A2-E69FC576CA42}.Debug|Any CPU.Build.0 = Debug|Any CPU
		{8CA5D6A8-0FF0-4450-B0A2-E69FC576CA42}.Release|Any CPU.ActiveCfg = Release|Any CPU
		{8CA5D6A8-0FF0-4450-B0A2-E69FC576CA42}.Release|Any CPU.Build.0 = Release|Any CPU
	EndGlobalSection
	GlobalSection(SolutionProperties) = preSolution
		HideSolutionNode = FALSE
	EndGlobalSection
	GlobalSection(NestedProjects) = preSolution
		{633B1C2E-7A95-40B8-BF0E-645969D695A3} = {88ACC996-19C9-4647-BAAE-70FE2068C89D}
		{868F1C5D-4336-446C-AF5E-43D635025BAC} = {88ACC996-19C9-4647-BAAE-70FE2068C89D}
		{86513D25-DFA8-4C29-9737-66E8C54F25EF} = {88ACC996-19C9-4647-BAAE-70FE2068C89D}
		{D1B68A84-FEDB-4383-A1B6-4D31DA06D4F8} = {88ACC996-19C9-4647-BAAE-70FE2068C89D}
		{644A4CCC-A113-42E7-A830-F8B826F15DA2} = {88ACC996-19C9-4647-BAAE-70FE2068C89D}
		{4CC8858D-0209-4688-B135-99877EB06791} = {88ACC996-19C9-4647-BAAE-70FE2068C89D}
		{8F978A69-CCDE-4A6E-80B3-5BFB3ED750BA} = {633B1C2E-7A95-40B8-BF0E-645969D695A3}
		{A8739157-4A7C-4F85-934A-778B36468BCA} = {633B1C2E-7A95-40B8-BF0E-645969D695A3}
		{5803BA7A-7DCA-43E8-BB1C-C263A4C53C80} = {633B1C2E-7A95-40B8-BF0E-645969D695A3}
		{D63135B0-E1E2-4202-A244-A2B7A4E3A4B9} = {633B1C2E-7A95-40B8-BF0E-645969D695A3}
		{89DE9DD4-D28A-4C2A-B5E6-C99863C39EDC} = {52118A9E-A966-4469-A750-7F2E9D58266C}
		{1B67FF98-9373-4AD4-9C01-B92A8D1759FE} = {52118A9E-A966-4469-A750-7F2E9D58266C}
		{0A9BE450-D667-4C92-AE32-D8CC61BB9E77} = {D1B68A84-FEDB-4383-A1B6-4D31DA06D4F8}
		{C830351F-B8CF-4AEC-8E46-BB145BF3B085} = {D1B68A84-FEDB-4383-A1B6-4D31DA06D4F8}
		{4E0A2C2D-5DB9-46C8-A18C-F701BEEC2188} = {D1B68A84-FEDB-4383-A1B6-4D31DA06D4F8}
		{6A02AE1D-870C-4C63-B918-43A246744612} = {88ACC996-19C9-4647-BAAE-70FE2068C89D}
		{99A8DE91-A632-44F2-B8FF-70236983B058} = {6A02AE1D-870C-4C63-B918-43A246744612}
		{AFAC6577-A6F6-4973-98FD-5C4EC72150D9} = {6A02AE1D-870C-4C63-B918-43A246744612}
		{B2BB85EE-00FC-44FE-9ED2-23D2DF50312A} = {6A02AE1D-870C-4C63-B918-43A246744612}
		{8CA5D6A8-0FF0-4450-B0A2-E69FC576CA42} = {6A02AE1D-870C-4C63-B918-43A246744612}
	EndGlobalSection
	GlobalSection(ExtensibilityGlobals) = postSolution
		SolutionGuid = {156EEC8B-AAC3-4DDC-B29C-AA8912887B9A}
	EndGlobalSection
EndGlobal
